
Microsoft Visual Studio Solution File, Format Version 12.00
# Visual Studio 2017
Project("{FAE04EC0-301F-11D3-BF4B-00C04F79EFBC}") = "Noise", "Noise.csproj", "{659EE541-E648-E242-29AC-A5109A1223DC}"
EndProject
Global
	GlobalSection(SolutionConfigurationPlatforms) = preSolution
		Debug|Any CPU = Debug|Any CPU
		Release|Any CPU = Release|Any CPU
	EndGlobalSection
	GlobalSection(ProjectConfigurationPlatforms) = postSolution
		{659EE541-E648-E242-29AC-A5109A1223DC}.Debug|Any CPU.ActiveCfg = Debug|Any CPU
		{659EE541-E648-E242-29AC-A5109A1223DC}.Debug|Any CPU.Build.0 = Debug|Any CPU
		{659EE541-E648-E242-29AC-A5109A1223DC}.Release|Any CPU.ActiveCfg = Release|Any CPU
		{659EE541-E648-E242-29AC-A5109A1223DC}.Release|Any CPU.Build.0 = Release|Any CPU
	EndGlobalSection
	GlobalSection(SolutionProperties) = preSolution
		HideSolutionNode = FALSE
	EndGlobalSection
EndGlobal
